
Microsoft Visual Studio Solution File, Format Version 12.00
# Visual Studio Version 17
VisualStudioVersion = 17.4.33103.184
MinimumVisualStudioVersion = 10.0.40219.1
Project("{FAE04EC0-301F-11D3-BF4B-00C04F79EFBC}") = "email-extraction", "email-extraction\email-extraction.csproj", "{F67DEE73-9586-4327-8A67-2B93225BE0EE}"
EndProject
Global
	GlobalSection(SolutionConfigurationPlatforms) = preSolution
		Debug|Any CPU = Debug|Any CPU
		Release|Any CPU = Release|Any CPU
	EndGlobalSection
	GlobalSection(ProjectConfigurationPlatforms) = postSolution
		{F67DEE73-9586-4327-8A67-2B93225BE0EE}.Debug|Any CPU.ActiveCfg = Debug|Any CPU
		{F67DEE73-9586-4327-8A67-2B93225BE0EE}.Debug|Any CPU.Build.0 = Debug|Any CPU
		{F67DEE73-9586-4327-8A67-2B93225BE0EE}.Release|Any CPU.ActiveCfg = Release|Any CPU
		{F67DEE73-9586-4327-8A67-2B93225BE0EE}.Release|Any CPU.Build.0 = Release|Any CPU
	EndGlobalSection
	GlobalSection(SolutionProperties) = preSolution
		HideSolutionNode = FALSE
	EndGlobalSection
	GlobalSection(ExtensibilityGlobals) = postSolution
		SolutionGuid = {2600094E-94DB-45E0-B475-60E9BD60FF51}
	EndGlobalSection
EndGlobal
